
Microsoft Visual Studio Solution File, Format Version 11.00
# Visual Studio 2010
Project("{FAE04EC0-301F-11D3-BF4B-00C04F79EFBC}") = "Motionscenteret.Web.UI", "Motionscenteret.Web.UI\Motionscenteret.Web.UI.csproj", "{6FA9C820-2DD2-42E1-8A3F-7CFF7447BD08}"
EndProject
Global
	GlobalSection(SolutionConfigurationPlatforms) = preSolution
		Debug|Any CPU = Debug|Any CPU
		Release|Any CPU = Release|Any CPU
	EndGlobalSection
	GlobalSection(ProjectConfigurationPlatforms) = postSolution
		{6FA9C820-2DD2-42E1-8A3F-7CFF7447BD08}.Debug|Any CPU.ActiveCfg = Debug|Any CPU
		{6FA9C820-2DD2-42E1-8A3F-7CFF7447BD08}.Debug|Any CPU.Build.0 = Debug|Any CPU
		{6FA9C820-2DD2-42E1-8A3F-7CFF7447BD08}.Release|Any CPU.ActiveCfg = Release|Any CPU
		{6FA9C820-2DD2-42E1-8A3F-7CFF7447BD08}.Release|Any CPU.Build.0 = Release|Any CPU
	EndGlobalSection
	GlobalSection(SolutionProperties) = preSolution
		HideSolutionNode = FALSE
	EndGlobalSection
EndGlobal
